{
  "version": "5",
  "specifiers": {
    "jsr:@nodef/extra-sql@0.1.2": "0.1.2",
    "jsr:@std/csv@1.0.6": "1.0.6",
    "jsr:@std/streams@^1.0.9": "1.0.9",
    "npm:lunr@2.3.9": "2.3.9"
  },
  "jsr": {
    "@nodef/extra-sql@0.1.2": {
      "integrity": "915e7c47145f6f7e64ac04ab1b12c09cc3ef1964e72cd3241f7be423f6d0be8a"
    },
    "@std/csv@1.0.6": {
      "integrity": "52ef0e62799a0028d278fa04762f17f9bd263fad9a8e7f98c14fbd371d62d9fd",
      "dependencies": [
        "jsr:@std/streams"
      ]
    },
    "@std/streams@1.0.9": {
      "integrity": "a9d26b1988cdd7aa7b1f4b51e1c36c1557f3f252880fa6cc5b9f37078b1a5035"
    }
  },
  "npm": {
    "lunr@2.3.9": {
      "integrity": "sha512-zTU3DaZaF3Rt9rhN3uBMGQD3dD2/vFQqnvZCDv4dl5iOzq2IZQqTxu90r4E5J+nP70J3ilqVCrbho2eWaeW8Ow=="
    }
  }
}
