{
  "name": "@ifct2017/hierarchy",
  "version": "1.2.2",
  "lockfileVersion": 1,
  "requires": true,
  "dependencies": {
    "@ifct2017/columns": {
      "version": "1.4.1",
      "resolved": "https://registry.npmjs.org/@ifct2017/columns/-/columns-1.4.1.tgz",
      "integrity": "sha512-DzfeXCV+iQmARHwxdeYs8sKbPBukiZj3Pa5O5H1lVfUHsEsOdeKQpDRZnTuqxmrAWZ3U9PncJpGE+rGqsi9qug==",
      "requires": {
        "lunr": "^2.3.1",
        "sql-extra": "^0.1.13"
      }
    },
    "csv-parse": {
      "version": "2.5.0",
      "resolved": "https://registry.npmjs.org/csv-parse/-/csv-parse-2.5.0.tgz",
      "integrity": "sha512-4OcjOJQByI0YDU5COYw9HAqjo8/MOLLmT9EKyMCXUzgvh30vS1SlMK+Ho84IH5exN44cSnrYecw/7Zpu2m4lkA==",
      "dev": true
    },
    "lunr": {
      "version": "2.3.2",
      "resolved": "https://registry.npmjs.org/lunr/-/lunr-2.3.2.tgz",
      "integrity": "sha512-3wO9shK+cBcJ260ibDtw3JGY+xE0so0y90Dt5YY4e+VmhZO8z8l4cwdau09Fiud0nZHdSgNsIKFHUy3MbXm00A=="
    },
    "sql-extra": {
      "version": "0.1.13",
      "resolved": "https://registry.npmjs.org/sql-extra/-/sql-extra-0.1.13.tgz",
      "integrity": "sha512-TRuGNJPX7gMdNZFLkUZADtK7Lmqq1zeXf+56Mkj7XP8xCqm+jcFE80B94BsGXVNkdIexOPhHgwqI2kLRhbhSFg=="
    }
  }
}
